
Microsoft Visual Studio Solution File, Format Version 12.00
# Visual Studio Version 17
VisualStudioVersion = 17.8.34316.72
MinimumVisualStudioVersion = 10.0.40219.1
Project("{2150E333-8FDC-42A3-9474-1A3956D46DE8}") = "ApiGateway", "ApiGateway", "{F6694FB0-9F8E-4B68-966F-4B1F81EA462C}"
	ProjectSection(SolutionItems) = preProject
		program.cs = program.cs
	EndProjectSection
EndProject
Project("{2150E333-8FDC-42A3-9474-1A3956D46DE8}") = "Services", "Services", "{F56E2BCD-07EB-4571-8D5F-71866242B239}"
EndProject
Project("{2150E333-8FDC-42A3-9474-1A3956D46DE8}") = "Shared", "Shared", "{D2A29585-D3F9-4173-A94A-65800C7F6E0A}"
EndProject
Project("{9A19103F-16F7-4668-BE54-9A1E7A4F7556}") = "DeviceManagementService", "Services\DeviceManagementService\DeviceManagementService.csproj", "{F19856B9-1763-4A03-A099-422B536F8596}"
EndProject
Project("{9A19103F-16F7-4668-BE54-9A1E7A4F7556}") = "SensorDataLoggingService", "SensorDataLoggingService\SensorDataLoggingService.csproj", "{5C2E6A7A-8B14-486B-9C05-F737AEEE7337}"
EndProject
Project("{9A19103F-16F7-4668-BE54-9A1E7A4F7556}") = "MqttPublisherService", "Services\MqttPublisherService\MqttPublisherService.csproj", "{399A0632-207F-41D6-A983-A586E2909E5A}"
EndProject
Project("{9A19103F-16F7-4668-BE54-9A1E7A4F7556}") = "UserAuthService", "Services\UserAuthService\UserAuthService.csproj", "{7D67D36B-AC6C-4D0F-AD4D-558B64A51F3B}"
EndProject
Project("{888888A0-9F3D-457C-B088-3A5042F75D52}") = "Services", "Services\Services.pyproj", "{3D4736D7-DA6F-4511-AF8F-A9C97FCB80A5}"
EndProject
Project("{9A19103F-16F7-4668-BE54-9A1E7A4F7556}") = "IoTSmartSystem.Shared", "Shared\IoTSmartSystem.Shared\IoTSmartSystem.Shared.csproj", "{8D4504BC-7EBF-46DC-A27B-7CCA5DFF93A1}"
EndProject
Project("{FAE04EC0-301F-11D3-BF4B-00C04F79EFBC}") = "MqttSubscriberService", "Services\MqttSubscriberService\MqttSubscriberService.csproj", "{AE430733-9561-4B48-A628-5D7F1C9A2E2F}"
EndProject
Global
	GlobalSection(SolutionConfigurationPlatforms) = preSolution
		Debug|Any CPU = Debug|Any CPU
		Release|Any CPU = Release|Any CPU
	EndGlobalSection
	GlobalSection(ProjectConfigurationPlatforms) = postSolution
		{F19856B9-1763-4A03-A099-422B536F8596}.Debug|Any CPU.ActiveCfg = Debug|Any CPU
		{F19856B9-1763-4A03-A099-422B536F8596}.Debug|Any CPU.Build.0 = Debug|Any CPU
		{F19856B9-1763-4A03-A099-422B536F8596}.Release|Any CPU.ActiveCfg = Release|Any CPU
		{F19856B9-1763-4A03-A099-422B536F8596}.Release|Any CPU.Build.0 = Release|Any CPU
		{5C2E6A7A-8B14-486B-9C05-F737AEEE7337}.Debug|Any CPU.ActiveCfg = Debug|Any CPU
		{5C2E6A7A-8B14-486B-9C05-F737AEEE7337}.Debug|Any CPU.Build.0 = Debug|Any CPU
		{5C2E6A7A-8B14-486B-9C05-F737AEEE7337}.Release|Any CPU.ActiveCfg = Release|Any CPU
		{5C2E6A7A-8B14-486B-9C05-F737AEEE7337}.Release|Any CPU.Build.0 = Release|Any CPU
		{399A0632-207F-41D6-A983-A586E2909E5A}.Debug|Any CPU.ActiveCfg = Debug|Any CPU
		{399A0632-207F-41D6-A983-A586E2909E5A}.Debug|Any CPU.Build.0 = Debug|Any CPU
		{399A0632-207F-41D6-A983-A586E2909E5A}.Release|Any CPU.ActiveCfg = Release|Any CPU
		{399A0632-207F-41D6-A983-A586E2909E5A}.Release|Any CPU.Build.0 = Release|Any CPU
		{7D67D36B-AC6C-4D0F-AD4D-558B64A51F3B}.Debug|Any CPU.ActiveCfg = Debug|Any CPU
		{7D67D36B-AC6C-4D0F-AD4D-558B64A51F3B}.Debug|Any CPU.Build.0 = Debug|Any CPU
		{7D67D36B-AC6C-4D0F-AD4D-558B64A51F3B}.Release|Any CPU.ActiveCfg = Release|Any CPU
		{7D67D36B-AC6C-4D0F-AD4D-558B64A51F3B}.Release|Any CPU.Build.0 = Release|Any CPU
		{3D4736D7-DA6F-4511-AF8F-A9C97FCB80A5}.Debug|Any CPU.ActiveCfg = Debug|Any CPU
		{3D4736D7-DA6F-4511-AF8F-A9C97FCB80A5}.Release|Any CPU.ActiveCfg = Release|Any CPU
		{8D4504BC-7EBF-46DC-A27B-7CCA5DFF93A1}.Debug|Any CPU.ActiveCfg = Debug|Any CPU
		{8D4504BC-7EBF-46DC-A27B-7CCA5DFF93A1}.Debug|Any CPU.Build.0 = Debug|Any CPU
		{8D4504BC-7EBF-46DC-A27B-7CCA5DFF93A1}.Release|Any CPU.ActiveCfg = Release|Any CPU
		{8D4504BC-7EBF-46DC-A27B-7CCA5DFF93A1}.Release|Any CPU.Build.0 = Release|Any CPU
		{AE430733-9561-4B48-A628-5D7F1C9A2E2F}.Debug|Any CPU.ActiveCfg = Debug|Any CPU
		{AE430733-9561-4B48-A628-5D7F1C9A2E2F}.Debug|Any CPU.Build.0 = Debug|Any CPU
		{AE430733-9561-4B48-A628-5D7F1C9A2E2F}.Release|Any CPU.ActiveCfg = Release|Any CPU
		{AE430733-9561-4B48-A628-5D7F1C9A2E2F}.Release|Any CPU.Build.0 = Release|Any CPU
	EndGlobalSection
	GlobalSection(SolutionProperties) = preSolution
		HideSolutionNode = FALSE
	EndGlobalSection
	GlobalSection(NestedProjects) = preSolution
		{F19856B9-1763-4A03-A099-422B536F8596} = {F56E2BCD-07EB-4571-8D5F-71866242B239}
		{5C2E6A7A-8B14-486B-9C05-F737AEEE7337} = {F56E2BCD-07EB-4571-8D5F-71866242B239}
		{399A0632-207F-41D6-A983-A586E2909E5A} = {F56E2BCD-07EB-4571-8D5F-71866242B239}
		{7D67D36B-AC6C-4D0F-AD4D-558B64A51F3B} = {F56E2BCD-07EB-4571-8D5F-71866242B239}
		{3D4736D7-DA6F-4511-AF8F-A9C97FCB80A5} = {F56E2BCD-07EB-4571-8D5F-71866242B239}
		{8D4504BC-7EBF-46DC-A27B-7CCA5DFF93A1} = {D2A29585-D3F9-4173-A94A-65800C7F6E0A}
		{AE430733-9561-4B48-A628-5D7F1C9A2E2F} = {F56E2BCD-07EB-4571-8D5F-71866242B239}
	EndGlobalSection
	GlobalSection(ExtensibilityGlobals) = postSolution
		SolutionGuid = {AC84D9EE-7546-4D8F-8D0A-C7571C7EBF63}
	EndGlobalSection
EndGlobal
